{
  "name": "mono-repo-test",
  "version": "1.0.0",
  "lockfileVersion": 2,
  "requires": true,
  "packages": {
    "": {
      "name": "mono-repo-test",
      "version": "1.0.0",
      "workspaces": [
        "packages/utils",
        "packages/handler"
      ]
    },
    "node_modules/@mono-repo-test/utils": {
      "resolved": "packages/utils",
      "link": true
    },
    "node_modules/handler": {
      "resolved": "packages/handler",
      "link": true
    },
    "packages/handler": {
      "version": "1.0.0",
      "license": "ISC",
      "dependencies": {
        "@mono-repo-test/utils": "1.0.0"
      }
    },
    "packages/utils": {
      "name": "@mono-repo-test/utils",
      "version": "1.0.0",
      "license": "ISC"
    }
  },
  "dependencies": {
    "@mono-repo-test/utils": {
      "version": "file:packages/utils"
    },
    "handler": {
      "version": "file:packages/handler",
      "requires": {
        "@mono-repo-test/utils": "1.0.0"
      }
    }
  }
}
